{
  "name": "ktx_try",
  "lockfileVersion": 3,
  "requires": true,
  "packages": {
    "": {
      "dependencies": {
        "getmac": "^6.6.0"
      }
    },
    "node_modules/getmac": {
      "version": "6.6.0",
      "resolved": "https://registry.npmjs.org/getmac/-/getmac-6.6.0.tgz",
      "integrity": "sha512-o1sq9o5QTfwUyWy7Dao1YGZOI9lN+xzEr9Ul36hyOxFrtuwgLG1ff7oiBEfRDxOrB3jJ2u4jKEs5KMSElyE0cQ==",
      "license": "Artistic-2.0",
      "engines": {
        "node": ">=8"
      },
      "funding": {
        "url": "https://bevry.me/fund"
      }
    }
  }
}
